{
  "requires": true,
  "lockfileVersion": 1,
  "dependencies": {
    "ngx-bootstrap": {
      "version": "3.1.2",
      "resolved": "https://registry.npmjs.org/ngx-bootstrap/-/ngx-bootstrap-3.1.2.tgz",
      "integrity": "sha512-ULooVAtHBir96PDOz8aDP+slkoY+YX3EWeYV7rwkwMQooc6MaFc+EFBBrAkQf1n0N/rJ4Z9GGccRS5vk/1JFog=="
    }
  }
}
